
Microsoft Visual Studio Solution File, Format Version 12.00
# Visual Studio 2013
VisualStudioVersion = 12.0.40629.0
MinimumVisualStudioVersion = 10.0.40219.1
Project("{2150E333-8FDC-42A3-9474-1A3956D46DE8}") = "test", "test", "{F5F84E4D-7BFC-46BE-A133-8E85FB197265}"
EndProject
Project("{FAE04EC0-301F-11D3-BF4B-00C04F79EFBC}") = "CodeSmith.EntityFramework", "src\CodeSmith.EntityFramework\CodeSmith.EntityFramework.csproj", "{328B41CF-AF11-4116-9631-F9412E631DA0}"
EndProject
Project("{FAE04EC0-301F-11D3-BF4B-00C04F79EFBC}") = "CodeSmith.EntityFramework.Test", "test\CodeSmith.EntityFramework.Test\CodeSmith.EntityFramework.Test.csproj", "{C14FDD37-2D81-4978-B0E7-7B815D39EDCB}"
EndProject
Project("{FAE04EC0-301F-11D3-BF4B-00C04F79EFBC}") = "CodeSmith.Template", "src\CodeSmith.Template\CodeSmith.Template.csproj", "{EC8C6459-37A3-4FDA-9CF2-B2BA41EE8DC5}"
EndProject
Project("{FAE04EC0-301F-11D3-BF4B-00C04F79EFBC}") = "CodeSmith.Template.Test", "test\CodeSmith.Template.Test\CodeSmith.Template.Test.csproj", "{8499BA03-A642-4062-8051-151FE67195B1}"
EndProject
Project("{FAE04EC0-301F-11D3-BF4B-00C04F79EFBC}") = "CodeSmith", "src\CodeSmith\CodeSmith.csproj", "{90154430-8192-4C1A-A3B2-A02BDBFB03AF}"
EndProject
Project("{FAE04EC0-301F-11D3-BF4B-00C04F79EFBC}") = "CodeSmith.Test", "test\CodeSmith.Test\CodeSmith.Test.csproj", "{C11ABAA4-22EB-4639-970B-DD2E13CFF9AB}"
EndProject
Project("{FAE04EC0-301F-11D3-BF4B-00C04F79EFBC}") = "CodeSmith.Abp.Template", "src\CodeSmith.Abp.Template\CodeSmith.Abp.Template.csproj", "{F2AE4FE6-E90E-49A3-9229-974DB735641B}"
EndProject
Project("{FAE04EC0-301F-11D3-BF4B-00C04F79EFBC}") = "CodeSmith.Abp.Template.Test", "test\CodeSmith.Abp.Template.Test\CodeSmith.Abp.Template.Test.csproj", "{2EC0D40A-68A1-4985-BE76-16C5759B640A}"
EndProject
Global
	GlobalSection(SolutionConfigurationPlatforms) = preSolution
		Debug|Any CPU = Debug|Any CPU
		Release|Any CPU = Release|Any CPU
	EndGlobalSection
	GlobalSection(ProjectConfigurationPlatforms) = postSolution
		{328B41CF-AF11-4116-9631-F9412E631DA0}.Debug|Any CPU.ActiveCfg = Debug|Any CPU
		{328B41CF-AF11-4116-9631-F9412E631DA0}.Debug|Any CPU.Build.0 = Debug|Any CPU
		{328B41CF-AF11-4116-9631-F9412E631DA0}.Release|Any CPU.ActiveCfg = Release|Any CPU
		{328B41CF-AF11-4116-9631-F9412E631DA0}.Release|Any CPU.Build.0 = Release|Any CPU
		{C14FDD37-2D81-4978-B0E7-7B815D39EDCB}.Debug|Any CPU.ActiveCfg = Debug|Any CPU
		{C14FDD37-2D81-4978-B0E7-7B815D39EDCB}.Debug|Any CPU.Build.0 = Debug|Any CPU
		{C14FDD37-2D81-4978-B0E7-7B815D39EDCB}.Release|Any CPU.ActiveCfg = Release|Any CPU
		{C14FDD37-2D81-4978-B0E7-7B815D39EDCB}.Release|Any CPU.Build.0 = Release|Any CPU
		{EC8C6459-37A3-4FDA-9CF2-B2BA41EE8DC5}.Debug|Any CPU.ActiveCfg = Debug|Any CPU
		{EC8C6459-37A3-4FDA-9CF2-B2BA41EE8DC5}.Debug|Any CPU.Build.0 = Debug|Any CPU
		{EC8C6459-37A3-4FDA-9CF2-B2BA41EE8DC5}.Release|Any CPU.ActiveCfg = Release|Any CPU
		{EC8C6459-37A3-4FDA-9CF2-B2BA41EE8DC5}.Release|Any CPU.Build.0 = Release|Any CPU
		{8499BA03-A642-4062-8051-151FE67195B1}.Debug|Any CPU.ActiveCfg = Debug|Any CPU
		{8499BA03-A642-4062-8051-151FE67195B1}.Debug|Any CPU.Build.0 = Debug|Any CPU
		{8499BA03-A642-4062-8051-151FE67195B1}.Release|Any CPU.ActiveCfg = Release|Any CPU
		{8499BA03-A642-4062-8051-151FE67195B1}.Release|Any CPU.Build.0 = Release|Any CPU
		{90154430-8192-4C1A-A3B2-A02BDBFB03AF}.Debug|Any CPU.ActiveCfg = Debug|Any CPU
		{90154430-8192-4C1A-A3B2-A02BDBFB03AF}.Debug|Any CPU.Build.0 = Debug|Any CPU
		{90154430-8192-4C1A-A3B2-A02BDBFB03AF}.Release|Any CPU.ActiveCfg = Release|Any CPU
		{90154430-8192-4C1A-A3B2-A02BDBFB03AF}.Release|Any CPU.Build.0 = Release|Any CPU
		{C11ABAA4-22EB-4639-970B-DD2E13CFF9AB}.Debug|Any CPU.ActiveCfg = Debug|Any CPU
		{C11ABAA4-22EB-4639-970B-DD2E13CFF9AB}.Debug|Any CPU.Build.0 = Debug|Any CPU
		{C11ABAA4-22EB-4639-970B-DD2E13CFF9AB}.Release|Any CPU.ActiveCfg = Release|Any CPU
		{C11ABAA4-22EB-4639-970B-DD2E13CFF9AB}.Release|Any CPU.Build.0 = Release|Any CPU
		{F2AE4FE6-E90E-49A3-9229-974DB735641B}.Debug|Any CPU.ActiveCfg = Debug|Any CPU
		{F2AE4FE6-E90E-49A3-9229-974DB735641B}.Debug|Any CPU.Build.0 = Debug|Any CPU
		{F2AE4FE6-E90E-49A3-9229-974DB735641B}.Release|Any CPU.ActiveCfg = Release|Any CPU
		{F2AE4FE6-E90E-49A3-9229-974DB735641B}.Release|Any CPU.Build.0 = Release|Any CPU
		{2EC0D40A-68A1-4985-BE76-16C5759B640A}.Debug|Any CPU.ActiveCfg = Debug|Any CPU
		{2EC0D40A-68A1-4985-BE76-16C5759B640A}.Debug|Any CPU.Build.0 = Debug|Any CPU
		{2EC0D40A-68A1-4985-BE76-16C5759B640A}.Release|Any CPU.ActiveCfg = Release|Any CPU
		{2EC0D40A-68A1-4985-BE76-16C5759B640A}.Release|Any CPU.Build.0 = Release|Any CPU
	EndGlobalSection
	GlobalSection(SolutionProperties) = preSolution
		HideSolutionNode = FALSE
	EndGlobalSection
	GlobalSection(NestedProjects) = preSolution
		{C14FDD37-2D81-4978-B0E7-7B815D39EDCB} = {F5F84E4D-7BFC-46BE-A133-8E85FB197265}
		{8499BA03-A642-4062-8051-151FE67195B1} = {F5F84E4D-7BFC-46BE-A133-8E85FB197265}
		{C11ABAA4-22EB-4639-970B-DD2E13CFF9AB} = {F5F84E4D-7BFC-46BE-A133-8E85FB197265}
		{2EC0D40A-68A1-4985-BE76-16C5759B640A} = {F5F84E4D-7BFC-46BE-A133-8E85FB197265}
	EndGlobalSection
EndGlobal
